
Microsoft Visual Studio Solution File, Format Version 12.00
# Visual Studio Version 16
VisualStudioVersion = 16.0.29806.167
MinimumVisualStudioVersion = 10.0.40219.1
Project("{FAE04EC0-301F-11D3-BF4B-00C04F79EFBC}") = "Sol.Ui", "Sol.Ui\Sol.Ui.csproj", "{75800210-DE8A-4CF6-8865-F595F006695C}"
EndProject
Project("{FAE04EC0-301F-11D3-BF4B-00C04F79EFBC}") = "Sol.lib", "Sol.lib\Sol.lib.csproj", "{ECAD3561-D7E8-4619-93F1-2E1AAC2F1587}"
EndProject
Global
	GlobalSection(SolutionConfigurationPlatforms) = preSolution
		Debug|Any CPU = Debug|Any CPU
		Release|Any CPU = Release|Any CPU
	EndGlobalSection
	GlobalSection(ProjectConfigurationPlatforms) = postSolution
		{75800210-DE8A-4CF6-8865-F595F006695C}.Debug|Any CPU.ActiveCfg = Debug|Any CPU
		{75800210-DE8A-4CF6-8865-F595F006695C}.Debug|Any CPU.Build.0 = Debug|Any CPU
		{75800210-DE8A-4CF6-8865-F595F006695C}.Release|Any CPU.ActiveCfg = Release|Any CPU
		{75800210-DE8A-4CF6-8865-F595F006695C}.Release|Any CPU.Build.0 = Release|Any CPU
		{ECAD3561-D7E8-4619-93F1-2E1AAC2F1587}.Debug|Any CPU.ActiveCfg = Debug|Any CPU
		{ECAD3561-D7E8-4619-93F1-2E1AAC2F1587}.Debug|Any CPU.Build.0 = Debug|Any CPU
		{ECAD3561-D7E8-4619-93F1-2E1AAC2F1587}.Release|Any CPU.ActiveCfg = Release|Any CPU
		{ECAD3561-D7E8-4619-93F1-2E1AAC2F1587}.Release|Any CPU.Build.0 = Release|Any CPU
	EndGlobalSection
	GlobalSection(SolutionProperties) = preSolution
		HideSolutionNode = FALSE
	EndGlobalSection
	GlobalSection(ExtensibilityGlobals) = postSolution
		SolutionGuid = {D1DC4C6B-5D24-4695-96CA-8B151CEBA2CE}
	EndGlobalSection
EndGlobal
